
Microsoft Visual Studio Solution File, Format Version 12.00
# Visual Studio Version 17
VisualStudioVersion = 17.2.32616.157
MinimumVisualStudioVersion = 10.0.40219.1
Project("{FAE04EC0-301F-11D3-BF4B-00C04F79EFBC}") = "ApiTestDemo", "ApiTestDemo\ApiTestDemo.csproj", "{4FF8DF1B-8EF8-4673-85C2-CB1BC16EFC66}"
EndProject
Project("{FAE04EC0-301F-11D3-BF4B-00C04F79EFBC}") = "RestSharpDemo", "RestSharpDemo\RestSharpDemo.csproj", "{C6EFB2D5-7546-496E-9C46-38169594C7B7}"
EndProject
Project("{FAE04EC0-301F-11D3-BF4B-00C04F79EFBC}") = "APITests", "UnitTests\APITests.csproj", "{FA6A3F6C-98FD-4959-82FB-DAC90ED7A1D8}"
EndProject
Global
	GlobalSection(SolutionConfigurationPlatforms) = preSolution
		Debug|Any CPU = Debug|Any CPU
		Release|Any CPU = Release|Any CPU
	EndGlobalSection
	GlobalSection(ProjectConfigurationPlatforms) = postSolution
		{4FF8DF1B-8EF8-4673-85C2-CB1BC16EFC66}.Debug|Any CPU.ActiveCfg = Debug|Any CPU
		{4FF8DF1B-8EF8-4673-85C2-CB1BC16EFC66}.Debug|Any CPU.Build.0 = Debug|Any CPU
		{4FF8DF1B-8EF8-4673-85C2-CB1BC16EFC66}.Release|Any CPU.ActiveCfg = Release|Any CPU
		{4FF8DF1B-8EF8-4673-85C2-CB1BC16EFC66}.Release|Any CPU.Build.0 = Release|Any CPU
		{C6EFB2D5-7546-496E-9C46-38169594C7B7}.Debug|Any CPU.ActiveCfg = Debug|Any CPU
		{C6EFB2D5-7546-496E-9C46-38169594C7B7}.Debug|Any CPU.Build.0 = Debug|Any CPU
		{C6EFB2D5-7546-496E-9C46-38169594C7B7}.Release|Any CPU.ActiveCfg = Release|Any CPU
		{C6EFB2D5-7546-496E-9C46-38169594C7B7}.Release|Any CPU.Build.0 = Release|Any CPU
		{FA6A3F6C-98FD-4959-82FB-DAC90ED7A1D8}.Debug|Any CPU.ActiveCfg = Debug|Any CPU
		{FA6A3F6C-98FD-4959-82FB-DAC90ED7A1D8}.Debug|Any CPU.Build.0 = Debug|Any CPU
		{FA6A3F6C-98FD-4959-82FB-DAC90ED7A1D8}.Release|Any CPU.ActiveCfg = Release|Any CPU
		{FA6A3F6C-98FD-4959-82FB-DAC90ED7A1D8}.Release|Any CPU.Build.0 = Release|Any CPU
	EndGlobalSection
	GlobalSection(SolutionProperties) = preSolution
		HideSolutionNode = FALSE
	EndGlobalSection
	GlobalSection(ExtensibilityGlobals) = postSolution
		SolutionGuid = {5DACDB1A-D8A9-4476-8973-D0A2DAED8D37}
	EndGlobalSection
EndGlobal
